
Microsoft Visual Studio Solution File, Format Version 12.00
# Visual Studio 15
VisualStudioVersion = 15.0.27703.2042
MinimumVisualStudioVersion = 10.0.40219.1
Project("{FAE04EC0-301F-11D3-BF4B-00C04F79EFBC}") = "ClipboardImageOCR", "ClipboardImageOCR\ClipboardImageOCR.csproj", "{0FEE67F8-086E-45F2-A0A9-D8703B56D078}"
EndProject
Project("{FAE04EC0-301F-11D3-BF4B-00C04F79EFBC}") = "WindowsInput", "WindowsInput\WindowsInput.csproj", "{3549CD6F-80F8-450F-B99E-CF0A736B1F2A}"
EndProject
Global
	GlobalSection(SolutionConfigurationPlatforms) = preSolution
		Debug|Any CPU = Debug|Any CPU
		Release|Any CPU = Release|Any CPU
	EndGlobalSection
	GlobalSection(ProjectConfigurationPlatforms) = postSolution
		{0FEE67F8-086E-45F2-A0A9-D8703B56D078}.Debug|Any CPU.ActiveCfg = Debug|Any CPU
		{0FEE67F8-086E-45F2-A0A9-D8703B56D078}.Debug|Any CPU.Build.0 = Debug|Any CPU
		{0FEE67F8-086E-45F2-A0A9-D8703B56D078}.Release|Any CPU.ActiveCfg = Release|Any CPU
		{0FEE67F8-086E-45F2-A0A9-D8703B56D078}.Release|Any CPU.Build.0 = Release|Any CPU
		{3549CD6F-80F8-450F-B99E-CF0A736B1F2A}.Debug|Any CPU.ActiveCfg = Debug|Any CPU
		{3549CD6F-80F8-450F-B99E-CF0A736B1F2A}.Debug|Any CPU.Build.0 = Debug|Any CPU
		{3549CD6F-80F8-450F-B99E-CF0A736B1F2A}.Release|Any CPU.ActiveCfg = Release|Any CPU
		{3549CD6F-80F8-450F-B99E-CF0A736B1F2A}.Release|Any CPU.Build.0 = Release|Any CPU
	EndGlobalSection
	GlobalSection(SolutionProperties) = preSolution
		HideSolutionNode = FALSE
	EndGlobalSection
	GlobalSection(ExtensibilityGlobals) = postSolution
		SolutionGuid = {2372C5F0-C70E-45D9-8377-5957586B4F0B}
	EndGlobalSection
EndGlobal
